PODS:
  - ForecastIO (4.0.0)
  - Koloda (4.1):
    - pop (~> 1.0)
  - pop (1.0.9)

DEPENDENCIES:
  - ForecastIO
  - Koloda (~> 4.0)

SPEC CHECKSUMS:
  ForecastIO: d449959139efdc9a2c111a2dba691a67706bb619
  Koloda: 6c4fa3ce9a68776a8ef973311e53fdda432799a8
  pop: f667631a5108a2e60d9e8797c9b32ddaf2080bce

PODFILE CHECKSUM: 53ede0b1bbb9f73b393e90cbcec3448ea7e5a4d7

COCOAPODS: 1.2.1
